
Microsoft Visual Studio Solution File, Format Version 12.00
Project("{FAE04EC0-301F-11D3-BF4B-00C04F79EFBC}") = "kolokwium1-P", "kolokwium1-P\kolokwium1-P.csproj", "{333EF542-ACE7-4326-80C3-5053B18034D0}"
EndProject
Global
	GlobalSection(SolutionConfigurationPlatforms) = preSolution
		Debug|Any CPU = Debug|Any CPU
		Release|Any CPU = Release|Any CPU
	EndGlobalSection
	GlobalSection(ProjectConfigurationPlatforms) = postSolution
		{333EF542-ACE7-4326-80C3-5053B18034D0}.Debug|Any CPU.ActiveCfg = Debug|Any CPU
		{333EF542-ACE7-4326-80C3-5053B18034D0}.Debug|Any CPU.Build.0 = Debug|Any CPU
		{333EF542-ACE7-4326-80C3-5053B18034D0}.Release|Any CPU.ActiveCfg = Release|Any CPU
		{333EF542-ACE7-4326-80C3-5053B18034D0}.Release|Any CPU.Build.0 = Release|Any CPU
	EndGlobalSection
EndGlobal
